
Microsoft Visual Studio Solution File, Format Version 11.00
# Visual Studio 2010
Project("{F184B08F-C81C-45F6-A57F-5ABD9991F28F}") = "Cartas.DataAccessLayer", "Cartas.DataAccessLayer.vbproj", "{F6531B51-3F08-4DB8-BB12-D85FB7F5D663}"
EndProject
Global
	GlobalSection(TeamFoundationVersionControl) = preSolution
		SccNumberOfProjects = 1
		SccEnterpriseProvider = {4CA58AB2-18FA-4F8D-95D4-32DDF27D184C}
		SccTeamFoundationServer = http://zxit_integra:8080/tfs/defaultcollection
		SccProjectUniqueName0 = Cartas.DataAccessLayer.vbproj
		SccProjectName0 = .
		SccAuxPath0 = http://zxit_integra:8080/tfs/defaultcollection
		SccLocalPath0 = .
		SccProvider0 = {4CA58AB2-18FA-4F8D-95D4-32DDF27D184C}
	EndGlobalSection
	GlobalSection(SolutionConfigurationPlatforms) = preSolution
		Debug|Any CPU = Debug|Any CPU
		Release|Any CPU = Release|Any CPU
	EndGlobalSection
	GlobalSection(ProjectConfigurationPlatforms) = postSolution
		{F6531B51-3F08-4DB8-BB12-D85FB7F5D663}.Debug|Any CPU.ActiveCfg = Debug|Any CPU
		{F6531B51-3F08-4DB8-BB12-D85FB7F5D663}.Debug|Any CPU.Build.0 = Debug|Any CPU
		{F6531B51-3F08-4DB8-BB12-D85FB7F5D663}.Release|Any CPU.ActiveCfg = Release|Any CPU
		{F6531B51-3F08-4DB8-BB12-D85FB7F5D663}.Release|Any CPU.Build.0 = Release|Any CPU
	EndGlobalSection
	GlobalSection(SolutionProperties) = preSolution
		HideSolutionNode = FALSE
	EndGlobalSection
EndGlobal
