
Microsoft Visual Studio Solution File, Format Version 11.00
# Visual Studio 2010
Project("{F184B08F-C81C-45F6-A57F-5ABD9991F28F}") = "Cartas.BusinessEntities", "..\Cartas.BusinessEntities\Cartas.BusinessEntities.vbproj", "{B0EA93A5-440E-4992-AF90-0D9FA59A74D2}"
EndProject
Project("{F184B08F-C81C-45F6-A57F-5ABD9991F28F}") = "Cartas.DataAccessLayer", "..\Cartas.DataAccessLayer\Cartas.DataAccessLayer.vbproj", "{F6531B51-3F08-4DB8-BB12-D85FB7F5D663}"
EndProject
Project("{F184B08F-C81C-45F6-A57F-5ABD9991F28F}") = "Cartas.BusinessLayer", "..\Cartas.BusinessLayer\Cartas.BusinessLayer.vbproj", "{19787595-8471-4CD0-8FC0-68B3E9FAAD7D}"
EndProject
Project("{2150E333-8FDC-42A3-9474-1A3956D46DE8}") = ".nuget", ".nuget", "{470064C1-989F-4AF9-ACB2-2A169E94DCD1}"
	ProjectSection(SolutionItems) = preProject
		.nuget\NuGet.Config = .nuget\NuGet.Config
		.nuget\NuGet.exe = .nuget\NuGet.exe
		.nuget\NuGet.targets = .nuget\NuGet.targets
	EndProjectSection
EndProject
Project("{E24C65DC-7377-472B-9ABA-BC803B73C61A}") = "IN-Cartas", "IN-Cartas", "{E597FDFC-30C4-4033-8ACB-94D17D0A2862}"
	ProjectSection(WebsiteProperties) = preProject
		SccProjectName = "SAK"
		SccAuxPath = "SAK"
		SccLocalPath = "SAK"
		SccProvider = "SAK"
		TargetFrameworkMoniker = ".NETFramework,Version%3Dv4.0"
		ProjectReferences = "{B0EA93A5-440E-4992-AF90-0D9FA59A74D2}|Sit.BusinessEntities.dll;{19787595-8471-4CD0-8FC0-68B3E9FAAD7D}|Sit.BusinessLayer.dll;{F6531B51-3F08-4DB8-BB12-D85FB7F5D663}|Sit.DataAccessLayer.dll;"
		Debug.AspNetCompiler.VirtualPath = "/IN-Cartas"
		Debug.AspNetCompiler.PhysicalPath = "IN-Cartas\"
		Debug.AspNetCompiler.TargetPath = "PrecompiledWeb\IN-Cartas\"
		Debug.AspNetCompiler.Updateable = "true"
		Debug.AspNetCompiler.ForceOverwrite = "true"
		Debug.AspNetCompiler.FixedNames = "false"
		Debug.AspNetCompiler.Debug = "True"
		Release.AspNetCompiler.VirtualPath = "/IN-Cartas"
		Release.AspNetCompiler.PhysicalPath = "IN-Cartas\"
		Release.AspNetCompiler.TargetPath = "PrecompiledWeb\IN-Cartas\"
		Release.AspNetCompiler.Updateable = "true"
		Release.AspNetCompiler.ForceOverwrite = "true"
		Release.AspNetCompiler.FixedNames = "false"
		Release.AspNetCompiler.Debug = "False"
		VWDPort = "10141"
		VWDDynamicPort = "true"
	EndProjectSection
EndProject
Global
	GlobalSection(TeamFoundationVersionControl) = preSolution
		SccNumberOfProjects = 5
		SccEnterpriseProvider = {4CA58AB2-18FA-4F8D-95D4-32DDF27D184C}
		SccTeamFoundationServer = http://zxit_integra:8080/tfs/defaultcollection
		SccLocalPath0 = .
		SccProjectUniqueName1 = ..\\Cartas.BusinessEntities\\Cartas.BusinessEntities.vbproj
		SccProjectName1 = ../Cartas.BusinessEntities
		SccLocalPath1 = ..\\Cartas.BusinessEntities
		SccProjectUniqueName2 = ..\\Cartas.DataAccessLayer\\Cartas.DataAccessLayer.vbproj
		SccProjectName2 = ../Cartas.DataAccessLayer
		SccLocalPath2 = ..\\Cartas.DataAccessLayer
		SccProjectUniqueName3 = ..\\Cartas.BusinessLayer\\Cartas.BusinessLayer.vbproj
		SccProjectName3 = ../Cartas.BusinessLayer
		SccLocalPath3 = ..\\Cartas.BusinessLayer
		SccWebProject4 = true
		SccProjectUniqueName4 = IN-Cartas
		SccProjectName4 = IN-Cartas
		SccLocalPath4 = IN-Cartas
		SccProjectEnlistmentChoice4 = 2
	EndGlobalSection
	GlobalSection(SolutionConfigurationPlatforms) = preSolution
		Debug|Any CPU = Debug|Any CPU
		Release|Any CPU = Release|Any CPU
	EndGlobalSection
	GlobalSection(ProjectConfigurationPlatforms) = postSolution
		{B0EA93A5-440E-4992-AF90-0D9FA59A74D2}.Debug|Any CPU.ActiveCfg = Debug|Any CPU
		{B0EA93A5-440E-4992-AF90-0D9FA59A74D2}.Debug|Any CPU.Build.0 = Debug|Any CPU
		{B0EA93A5-440E-4992-AF90-0D9FA59A74D2}.Release|Any CPU.ActiveCfg = Release|Any CPU
		{B0EA93A5-440E-4992-AF90-0D9FA59A74D2}.Release|Any CPU.Build.0 = Release|Any CPU
		{F6531B51-3F08-4DB8-BB12-D85FB7F5D663}.Debug|Any CPU.ActiveCfg = Debug|Any CPU
		{F6531B51-3F08-4DB8-BB12-D85FB7F5D663}.Debug|Any CPU.Build.0 = Debug|Any CPU
		{F6531B51-3F08-4DB8-BB12-D85FB7F5D663}.Release|Any CPU.ActiveCfg = Release|Any CPU
		{F6531B51-3F08-4DB8-BB12-D85FB7F5D663}.Release|Any CPU.Build.0 = Release|Any CPU
		{19787595-8471-4CD0-8FC0-68B3E9FAAD7D}.Debug|Any CPU.ActiveCfg = Debug|Any CPU
		{19787595-8471-4CD0-8FC0-68B3E9FAAD7D}.Debug|Any CPU.Build.0 = Debug|Any CPU
		{19787595-8471-4CD0-8FC0-68B3E9FAAD7D}.Release|Any CPU.ActiveCfg = Release|Any CPU
		{19787595-8471-4CD0-8FC0-68B3E9FAAD7D}.Release|Any CPU.Build.0 = Release|Any CPU
		{E597FDFC-30C4-4033-8ACB-94D17D0A2862}.Debug|Any CPU.ActiveCfg = Debug|Any CPU
		{E597FDFC-30C4-4033-8ACB-94D17D0A2862}.Debug|Any CPU.Build.0 = Debug|Any CPU
		{E597FDFC-30C4-4033-8ACB-94D17D0A2862}.Release|Any CPU.ActiveCfg = Debug|Any CPU
		{E597FDFC-30C4-4033-8ACB-94D17D0A2862}.Release|Any CPU.Build.0 = Debug|Any CPU
	EndGlobalSection
	GlobalSection(SolutionProperties) = preSolution
		HideSolutionNode = FALSE
	EndGlobalSection
EndGlobal
